
Microsoft Visual Studio Solution File, Format Version 12.00
# Visual Studio Version 16
VisualStudioVersion = 16.0.28803.352
MinimumVisualStudioVersion = 10.0.40219.1
Project("{FAE04EC0-301F-11D3-BF4B-00C04F79EFBC}") = "PoS", "PoS\PoS.csproj", "{A045426A-E813-4B87-BA3F-4146A50076BB}"
EndProject
Project("{FAE04EC0-301F-11D3-BF4B-00C04F79EFBC}") = "PoS.Test", "PoS.Test\PoS.Test.csproj", "{6FF6AA0E-493D-4CDF-93BA-C9E82DA99B3C}"
EndProject
Global
	GlobalSection(SolutionConfigurationPlatforms) = preSolution
		Debug|Any CPU = Debug|Any CPU
		Release|Any CPU = Release|Any CPU
	EndGlobalSection
	GlobalSection(ProjectConfigurationPlatforms) = postSolution
		{A045426A-E813-4B87-BA3F-4146A50076BB}.Debug|Any CPU.ActiveCfg = Debug|Any CPU
		{A045426A-E813-4B87-BA3F-4146A50076BB}.Debug|Any CPU.Build.0 = Debug|Any CPU
		{A045426A-E813-4B87-BA3F-4146A50076BB}.Release|Any CPU.ActiveCfg = Release|Any CPU
		{A045426A-E813-4B87-BA3F-4146A50076BB}.Release|Any CPU.Build.0 = Release|Any CPU
		{6FF6AA0E-493D-4CDF-93BA-C9E82DA99B3C}.Debug|Any CPU.ActiveCfg = Debug|Any CPU
		{6FF6AA0E-493D-4CDF-93BA-C9E82DA99B3C}.Debug|Any CPU.Build.0 = Debug|Any CPU
		{6FF6AA0E-493D-4CDF-93BA-C9E82DA99B3C}.Release|Any CPU.ActiveCfg = Release|Any CPU
		{6FF6AA0E-493D-4CDF-93BA-C9E82DA99B3C}.Release|Any CPU.Build.0 = Release|Any CPU
	EndGlobalSection
	GlobalSection(SolutionProperties) = preSolution
		HideSolutionNode = FALSE
	EndGlobalSection
	GlobalSection(ExtensibilityGlobals) = postSolution
		SolutionGuid = {DFCB13B7-C8D4-413B-A063-A9A89CD56D46}
	EndGlobalSection
EndGlobal
